
Microsoft Visual Studio Solution File, Format Version 12.00
# Visual Studio Version 17
VisualStudioVersion = 17.7.34031.279
MinimumVisualStudioVersion = 10.0.40219.1
Project("{FAE04EC0-301F-11D3-BF4B-00C04F79EFBC}") = "RandomSentence", "RandomSentence\RandomSentence.csproj", "{BD2BED7C-06C4-40A9-B6F3-3A52E58F5F43}"
EndProject
Global
	GlobalSection(SolutionConfigurationPlatforms) = preSolution
		Debug|Any CPU = Debug|Any CPU
		Release|Any CPU = Release|Any CPU
	EndGlobalSection
	GlobalSection(ProjectConfigurationPlatforms) = postSolution
		{BD2BED7C-06C4-40A9-B6F3-3A52E58F5F43}.Debug|Any CPU.ActiveCfg = Debug|Any CPU
		{BD2BED7C-06C4-40A9-B6F3-3A52E58F5F43}.Debug|Any CPU.Build.0 = Debug|Any CPU
		{BD2BED7C-06C4-40A9-B6F3-3A52E58F5F43}.Release|Any CPU.ActiveCfg = Release|Any CPU
		{BD2BED7C-06C4-40A9-B6F3-3A52E58F5F43}.Release|Any CPU.Build.0 = Release|Any CPU
	EndGlobalSection
	GlobalSection(SolutionProperties) = preSolution
		HideSolutionNode = FALSE
	EndGlobalSection
	GlobalSection(ExtensibilityGlobals) = postSolution
		SolutionGuid = {D12747C7-C70D-4B8E-B04D-6608737254EE}
	EndGlobalSection
EndGlobal
